// !$*UTF8*$!
{
	archiveVersion = 1;
	classes = {
	};
	objectVersion = 46;
	objects = {

/* Begin PBXBuildFile section */
		66376CB91CEACBF5005848E9 /* AppDelegate.swift in Sources */ = {isa = PBXBuildFile; fileRef = 66376CB81CEACBF5005848E9 /* AppDelegate.swift */; };
		66376CBC1CEACBF5005848E9 /* InstaTimeMachine.xcdatamodeld in Sources */ = {isa = PBXBuildFile; fileRef = 66376CBA1CEACBF5005848E9 /* InstaTimeMachine.xcdatamodeld */; };
		66376CBE1CEACBF5005848E9 /* ViewController.swift in Sources */ = {isa = PBXBuildFile; fileRef = 66376CBD1CEACBF5005848E9 /* ViewController.swift */; };
		66376CC11CEACBF5005848E9 /* Main.storyboard in Resources */ = {isa = PBXBuildFile; fileRef = 66376CBF1CEACBF5005848E9 /* Main.storyboard */; };
		66376CC31CEACBF5005848E9 /* Images.xcassets in Resources */ = {isa = PBXBuildFile; fileRef = 66376CC21CEACBF5005848E9 /* Images.xcassets */; };
		66376CC61CEACBF5005848E9 /* LaunchScreen.xib in Resources */ = {isa = PBXBuildFile; fileRef = 66376CC41CEACBF5005848E9 /* LaunchScreen.xib */; };
		66376CD21CEACBF6005848E9 /* InstaTimeMachineTests.swift in Sources */ = {isa = PBXBuildFile; fileRef = 66376CD11CEACBF6005848E9 /* InstaTimeMachineTests.swift */; };
		66376CDC1CEAD0AB005848E9 /* CollectionViewCell.swift in Sources */ = {isa = PBXBuildFile; fileRef = 66376CDB1CEAD0AB005848E9 /* CollectionViewCell.swift */; };
		66376CDE1CEAD0F0005848E9 /* PhotoDetailViewController.swift in Sources */ = {isa = PBXBuildFile; fileRef = 66376CDD1CEAD0F0005848E9 /* PhotoDetailViewController.swift */; };
/* End PBXBuildFile section */

/* Begin PBXContainerItemProxy section */
		66376CCC1CEACBF6005848E9 /* PBXContainerItemProxy */ = {
			isa = PBXContainerItemProxy;
			containerPortal = 66376CAB1CEACBF5005848E9 /* Project object */;
			proxyType = 1;
			remoteGlobalIDString = 66376CB21CEACBF5005848E9;
			remoteInfo = InstaTimeMachine;
		};
/* End PBXContainerItemProxy section */

/* Begin PBXFileReference section */
		66376CB31CEACBF5005848E9 /* InstaTimeMachine.app */ = {isa = PBXFileReference; explicitFileType = wrapper.application; includeInIndex = 0; path = InstaTimeMachine.app; sourceTree = BUILT_PRODUCTS_DIR; };
		66376CB71CEACBF5005848E9 /* Info.plist */ = {isa = PBXFileReference; lastKnownFileType = text.plist.xml; path = Info.plist; sourceTree = "<group>"; };
		66376CB81CEACBF5005848E9 /* AppDelegate.swift */ = {isa = PBXFileReference; lastKnownFileType = sourcecode.swift; path = AppDelegate.swift; sourceTree = "<group>"; };
		66376CBB1CEACBF5005848E9 /* InstaTimeMachine.xcdatamodel */ = {isa = PBXFileReference; lastKnownFileType = wrapper.xcdatamodel; path = InstaTimeMachine.xcdatamodel; sourceTree = "<group>"; };
		66376CBD1CEACBF5005848E9 /* ViewController.swift */ = {isa = PBXFileReference; lastKnownFileType = sourcecode.swift; path = ViewController.swift; sourceTree = "<group>"; };
		66376CC01CEACBF5005848E9 /* Base */ = {isa = PBXFileReference; lastKnownFileType = file.storyboard; name = Base; path = Base.lproj/Main.storyboard; sourceTree = "<group>"; };
		66376CC21CEACBF5005848E9 /* Images.xcassets */ = {isa = PBXFileReference; lastKnownFileType = folder.assetcatalog; path = Images.xcassets; sourceTree = "<group>"; };
		66376CC51CEACBF5005848E9 /* Base */ = {isa = PBXFileReference; lastKnownFileType = file.xib; name = Base; path = Base.lproj/LaunchScreen.xib; sourceTree = "<group>"; };
		66376CCB1CEACBF6005848E9 /* InstaTimeMachineTests.xctest */ = {isa = PBXFileReference; explicitFileType = wrapper.cfbundle; includeInIndex = 0; path = InstaTimeMachineTests.xctest; sourceTree = BUILT_PRODUCTS_DIR; };
		66376CD01CEACBF6005848E9 /* Info.plist */ = {isa = PBXFileReference; lastKnownFileType = text.plist.xml; path = Info.plist; sourceTree = "<group>"; };
		66376CD11CEACBF6005848E9 /* InstaTimeMachineTests.swift */ = {isa = PBXFileReference; lastKnownFileType = sourcecode.swift; path = InstaTimeMachineTests.swift; sourceTree = "<group>"; };
		66376CDB1CEAD0AB005848E9 /* CollectionViewCell.swift */ = {isa = PBXFileReference; fileEncoding = 4; lastKnownFileType = sourcecode.swift; path = CollectionViewCell.swift; sourceTree = "<group>"; };
		66376CDD1CEAD0F0005848E9 /* PhotoDetailViewController.swift */ = {isa = PBXFileReference; fileEncoding = 4; lastKnownFileType = sourcecode.swift; path = PhotoDetailViewController.swift; sourceTree = "<group>"; };
/* End PBXFileReference section */

/* Begin PBXFrameworksBuildPhase section */
		66376CB01CEACBF5005848E9 /* Frameworks */ = {
			isa = PBXFrameworksBuildPhase;
			buildActionMask = 2147483647;
			files = (
			);
			runOnlyForDeploymentPostprocessing = 0;
		};
		66376CC81CEACBF6005848E9 /* Frameworks */ = {
			isa = PBXFrameworksBuildPhase;
			buildActionMask = 2147483647;
			files = (
			);
			runOnlyForDeploymentPostprocessing = 0;
		};
/* End PBXFrameworksBuildPhase section */

/* Begin PBXGroup section */
		66376CAA1CEACBF5005848E9 = {
			isa = PBXGroup;
			children = (
				66376CB51CEACBF5005848E9 /* InstaTimeMachine */,
				66376CCE1CEACBF6005848E9 /* InstaTimeMachineTests */,
				66376CB41CEACBF5005848E9 /* Products */,
			);
			sourceTree = "<group>";
		};
		66376CB41CEACBF5005848E9 /* Products */ = {
			isa = PBXGroup;
			children = (
				66376CB31CEACBF5005848E9 /* InstaTimeMachine.app */,
				66376CCB1CEACBF6005848E9 /* InstaTimeMachineTests.xctest */,
			);
			name = Products;
			sourceTree = "<group>";
		};
		66376CB51CEACBF5005848E9 /* InstaTimeMachine */ = {
			isa = PBXGroup;
			children = (
				66376CB81CEACBF5005848E9 /* AppDelegate.swift */,
				66376CBD1CEACBF5005848E9 /* ViewController.swift */,
				66376CBF1CEACBF5005848E9 /* Main.storyboard */,
				66376CDB1CEAD0AB005848E9 /* CollectionViewCell.swift */,
				66376CDD1CEAD0F0005848E9 /* PhotoDetailViewController.swift */,
				66376CC21CEACBF5005848E9 /* Images.xcassets */,
				66376CC41CEACBF5005848E9 /* LaunchScreen.xib */,
				66376CBA1CEACBF5005848E9 /* InstaTimeMachine.xcdatamodeld */,
				66376CB61CEACBF5005848E9 /* Supporting Files */,
			);
			path = InstaTimeMachine;
			sourceTree = "<group>";
		};
		66376CB61CEACBF5005848E9 /* Supporting Files */ = {
			isa = PBXGroup;
			children = (
				66376CB71CEACBF5005848E9 /* Info.plist */,
			);
			name = "Supporting Files";
			sourceTree = "<group>";
		};
		66376CCE1CEACBF6005848E9 /* InstaTimeMachineTests */ = {
			isa = PBXGroup;
			children = (
				66376CD11CEACBF6005848E9 /* InstaTimeMachineTests.swift */,
				66376CCF1CEACBF6005848E9 /* Supporting Files */,
			);
			path = InstaTimeMachineTests;
			sourceTree = "<group>";
		};
		66376CCF1CEACBF6005848E9 /* Supporting Files */ = {
			isa = PBXGroup;
			children = (
				66376CD01CEACBF6005848E9 /* Info.plist */,
			);
			name = "Supporting Files";
			sourceTree = "<group>";
		};
/* End PBXGroup section */

/* Begin PBXNativeTarget section */
		66376CB21CEACBF5005848E9 /* InstaTimeMachine */ = {
			isa = PBXNativeTarget;
			buildConfigurationList = 66376CD51CEACBF6005848E9 /* Build configuration list for PBXNativeTarget "InstaTimeMachine" */;
			buildPhases = (
				66376CAF1CEACBF5005848E9 /* Sources */,
				66376CB01CEACBF5005848E9 /* Frameworks */,
				66376CB11CEACBF5005848E9 /* Resources */,
			);
			buildRules = (
			);
			dependencies = (
			);
			name = InstaTimeMachine;
			productName = InstaTimeMachine;
			productReference = 66376CB31CEACBF5005848E9 /* InstaTimeMachine.app */;
			productType = "com.apple.product-type.application";
		};
		66376CCA1CEACBF6005848E9 /* InstaTimeMachineTests */ = {
			isa = PBXNativeTarget;
			buildConfigurationList = 66376CD81CEACBF6005848E9 /* Build configuration list for PBXNativeTarget "InstaTimeMachineTests" */;
			buildPhases = (
				66376CC71CEACBF6005848E9 /* Sources */,
				66376CC81CEACBF6005848E9 /* Frameworks */,
				66376CC91CEACBF6005848E9 /* Resources */,
			);
			buildRules = (
			);
			dependencies = (
				66376CCD1CEACBF6005848E9 /* PBXTargetDependency */,
			);
			name = InstaTimeMachineTests;
			productName = InstaTimeMachineTests;
			productReference = 66376CCB1CEACBF6005848E9 /* InstaTimeMachineTests.xctest */;
			productType = "com.apple.product-type.bundle.unit-test";
		};
/* End PBXNativeTarget section */

/* Begin PBXProject section */
		66376CAB1CEACBF5005848E9 /* Project object */ = {
			isa = PBXProject;
			attributes = {
				LastUpgradeCheck = 0640;
				ORGANIZATIONNAME = "Tom Lee";
				TargetAttributes = {
					66376CB21CEACBF5005848E9 = {
						CreatedOnToolsVersion = 6.4;
					};
					66376CCA1CEACBF6005848E9 = {
						CreatedOnToolsVersion = 6.4;
						TestTargetID = 66376CB21CEACBF5005848E9;
					};
				};
			};
			buildConfigurationList = 66376CAE1CEACBF5005848E9 /* Build configuration list for PBXProject "InstaTimeMachine" */;
			compatibilityVersion = "Xcode 3.2";
			developmentRegion = English;
			hasScannedForEncodings = 0;
			knownRegions = (
				en,
				Base,
			);
			mainGroup = 66376CAA1CEACBF5005848E9;
			productRefGroup = 66376CB41CEACBF5005848E9 /* Products */;
			projectDirPath = "";
			projectRoot = "";
			targets = (
				66376CB21CEACBF5005848E9 /* InstaTimeMachine */,
				66376CCA1CEACBF6005848E9 /* InstaTimeMachineTests */,
			);
		};
/* End PBXProject section */

/* Begin PBXResourcesBuildPhase section */
		66376CB11CEACBF5005848E9 /* Resources */ = {
			isa = PBXResourcesBuildPhase;
			buildActionMask = 2147483647;
			files = (
				66376CC11CEACBF5005848E9 /* Main.storyboard in Resources */,
				66376CC61CEACBF5005848E9 /* LaunchScreen.xib in Resources */,
				66376CC31CEACBF5005848E9 /* Images.xcassets in Resources */,
			);
			runOnlyForDeploymentPostprocessing = 0;
		};
		66376CC91CEACBF6005848E9 /* Resources */ = {
			isa = PBXResourcesBuildPhase;
			buildActionMask = 2147483647;
			files = (
			);
			runOnlyForDeploymentPostprocessing = 0;
		};
/* End PBXResourcesBuildPhase section */

/* Begin PBXSourcesBuildPhase section */
		66376CAF1CEACBF5005848E9 /* Sources */ = {
			isa = PBXSourcesBuildPhase;
			buildActionMask = 2147483647;
			files = (
				66376CBE1CEACBF5005848E9 /* ViewController.swift in Sources */,
				66376CBC1CEACBF5005848E9 /* InstaTimeMachine.xcdatamodeld in Sources */,
				66376CDC1CEAD0AB005848E9 /* CollectionViewCell.swift in Sources */,
				66376CDE1CEAD0F0005848E9 /* PhotoDetailViewController.swift in Sources */,
				66376CB91CEACBF5005848E9 /* AppDelegate.swift in Sources */,
			);
			runOnlyForDeploymentPostprocessing = 0;
		};
		66376CC71CEACBF6005848E9 /* Sources */ = {
			isa = PBXSourcesBuildPhase;
			buildActionMask = 2147483647;
			files = (
				66376CD21CEACBF6005848E9 /* InstaTimeMachineTests.swift in Sources */,
			);
			runOnlyForDeploymentPostprocessing = 0;
		};
/* End PBXSourcesBuildPhase section */

/* Begin PBXTargetDependency section */
		66376CCD1CEACBF6005848E9 /* PBXTargetDependency */ = {
			isa = PBXTargetDependency;
			target = 66376CB21CEACBF5005848E9 /* InstaTimeMachine */;
			targetProxy = 66376CCC1CEACBF6005848E9 /* PBXContainerItemProxy */;
		};
/* End PBXTargetDependency section */

/* Begin PBXVariantGroup section */
		66376CBF1CEACBF5005848E9 /* Main.storyboard */ = {
			isa = PBXVariantGroup;
			children = (
				66376CC01CEACBF5005848E9 /* Base */,
			);
			name = Main.storyboard;
			sourceTree = "<group>";
		};
		66376CC41CEACBF5005848E9 /* LaunchScreen.xib */ = {
			isa = PBXVariantGroup;
			children = (
				66376CC51CEACBF5005848E9 /* Base */,
			);
			name = LaunchScreen.xib;
			sourceTree = "<group>";
		};
/* End PBXVariantGroup section */

/* Begin XCBuildConfiguration section */
		66376CD31CEACBF6005848E9 /* Debug */ = {
			isa = XCBuildConfiguration;
			buildSettings = {
				ALWAYS_SEARCH_USER_PATHS = NO;
				CLANG_CXX_LANGUAGE_STANDARD = "gnu++0x";
				CLANG_CXX_LIBRARY = "libc++";
				CLANG_ENABLE_MODULES = YES;
				CLANG_ENABLE_OBJC_ARC = YES;
				CLANG_WARN_BOOL_CONVERSION = YES;
				CLANG_WARN_CONSTANT_CONVERSION = YES;
				CLANG_WARN_DIRECT_OBJC_ISA_USAGE = YES_ERROR;
				CLANG_WARN_EMPTY_BODY = YES;
				CLANG_WARN_ENUM_CONVERSION = YES;
				CLANG_WARN_INT_CONVERSION = YES;
				CLANG_WARN_OBJC_ROOT_CLASS = YES_ERROR;
				CLANG_WARN_UNREACHABLE_CODE = YES;
				CLANG_WARN__DUPLICATE_METHOD_MATCH = YES;
				"CODE_SIGN_IDENTITY[sdk=iphoneos*]" = "iPhone Developer";
				COPY_PHASE_STRIP = NO;
				DEBUG_INFORMATION_FORMAT = "dwarf-with-dsym";
				ENABLE_STRICT_OBJC_MSGSEND = YES;
				GCC_C_LANGUAGE_STANDARD = gnu99;
				GCC_DYNAMIC_NO_PIC = NO;
				GCC_NO_COMMON_BLOCKS = YES;
				GCC_OPTIMIZATION_LEVEL = 0;
				GCC_PREPROCESSOR_DEFINITIONS = (
					"DEBUG=1",
					"$(inherited)",
				);
				GCC_SYMBOLS_PRIVATE_EXTERN = NO;
				GCC_WARN_64_TO_32_BIT_CONVERSION = YES;
				GCC_WARN_ABOUT_RETURN_TYPE = YES_ERROR;
				GCC_WARN_UNDECLARED_SELECTOR = YES;
				GCC_WARN_UNINITIALIZED_AUTOS = YES_AGGRESSIVE;
				GCC_WARN_UNUSED_FUNCTION = YES;
				GCC_WARN_UNUSED_VARIABLE = YES;
				IPHONEOS_DEPLOYMENT_TARGET = 8.4;
				MTL_ENABLE_DEBUG_INFO = YES;
				ONLY_ACTIVE_ARCH = YES;
				SDKROOT = iphoneos;
				SWIFT_OPTIMIZATION_LEVEL = "-Onone";
			};
			name = Debug;
		};
		66376CD41CEACBF6005848E9 /* Release */ = {
			isa = XCBuildConfiguration;
			buildSettings = {
				ALWAYS_SEARCH_USER_PATHS = NO;
				CLANG_CXX_LANGUAGE_STANDARD = "gnu++0x";
				CLANG_CXX_LIBRARY = "libc++";
				CLANG_ENABLE_MODULES = YES;
				CLANG_ENABLE_OBJC_ARC = YES;
				CLANG_WARN_BOOL_CONVERSION = YES;
				CLANG_WARN_CONSTANT_CONVERSION = YES;
				CLANG_WARN_DIRECT_OBJC_ISA_USAGE = YES_ERROR;
				CLANG_WARN_EMPTY_BODY = YES;
				CLANG_WARN_ENUM_CONVERSION = YES;
				CLANG_WARN_INT_CONVERSION = YES;
				CLANG_WARN_OBJC_ROOT_CLASS = YES_ERROR;
				CLANG_WARN_UNREACHABLE_CODE = YES;
				CLANG_WARN__DUPLICATE_METHOD_MATCH = YES;
				"CODE_SIGN_IDENTITY[sdk=iphoneos*]" = "iPhone Developer";
				COPY_PHASE_STRIP = NO;
				DEBUG_INFORMATION_FORMAT = "dwarf-with-dsym";
				ENABLE_NS_ASSERTIONS = NO;
				ENABLE_STRICT_OBJC_MSGSEND = YES;
				GCC_C_LANGUAGE_STANDARD = gnu99;
				GCC_NO_COMMON_BLOCKS = YES;
				GCC_WARN_64_TO_32_BIT_CONVERSION = YES;
				GCC_WARN_ABOUT_RETURN_TYPE = YES_ERROR;
				GCC_WARN_UNDECLARED_SELECTOR = YES;
				GCC_WARN_UNINITIALIZED_AUTOS = YES_AGGRESSIVE;
				GCC_WARN_UNUSED_FUNCTION = YES;
				GCC_WARN_UNUSED_VARIABLE = YES;
				IPHONEOS_DEPLOYMENT_TARGET = 8.4;
				MTL_ENABLE_DEBUG_INFO = NO;
				SDKROOT = iphoneos;
				VALIDATE_PRODUCT = YES;
			};
			name = Release;
		};
		66376CD61CEACBF6005848E9 /* Debug */ = {
			isa = XCBuildConfiguration;
			buildSettings = {
				ASSETCATALOG_COMPILER_APPICON_NAME = AppIcon;
				INFOPLIST_FILE = InstaTimeMachine/Info.plist;
				LD_RUNPATH_SEARCH_PATHS = "$(inherited) @executable_path/Frameworks";
				PRODUCT_NAME = "$(TARGET_NAME)";
			};
			name = Debug;
		};
		66376CD71CEACBF6005848E9 /* Release */ = {
			isa = XCBuildConfiguration;
			buildSettings = {
				ASSETCATALOG_COMPILER_APPICON_NAME = AppIcon;
				INFOPLIST_FILE = InstaTimeMachine/Info.plist;
				LD_RUNPATH_SEARCH_PATHS = "$(inherited) @executable_path/Frameworks";
				PRODUCT_NAME = "$(TARGET_NAME)";
			};
			name = Release;
		};
		66376CD91CEACBF6005848E9 /* Debug */ = {
			isa = XCBuildConfiguration;
			buildSettings = {
				BUNDLE_LOADER = "$(TEST_HOST)";
				FRAMEWORK_SEARCH_PATHS = (
					"$(SDKROOT)/Developer/Library/Frameworks",
					"$(inherited)",
				);
				GCC_PREPROCESSOR_DEFINITIONS = (
					"DEBUG=1",
					"$(inherited)",
				);
				INFOPLIST_FILE = InstaTimeMachineTests/Info.plist;
				LD_RUNPATH_SEARCH_PATHS = "$(inherited) @executable_path/Frameworks @loader_path/Frameworks";
				PRODUCT_NAME = "$(TARGET_NAME)";
				TEST_HOST = "$(BUILT_PRODUCTS_DIR)/InstaTimeMachine.app/InstaTimeMachine";
			};
			name = Debug;
		};
		66376CDA1CEACBF6005848E9 /* Release */ = {
			isa = XCBuildConfiguration;
			buildSettings = {
				BUNDLE_LOADER = "$(TEST_HOST)";
				FRAMEWORK_SEARCH_PATHS = (
					"$(SDKROOT)/Developer/Library/Frameworks",
					"$(inherited)",
				);
				INFOPLIST_FILE = InstaTimeMachineTests/Info.plist;
				LD_RUNPATH_SEARCH_PATHS = "$(inherited) @executable_path/Frameworks @loader_path/Frameworks";
				PRODUCT_NAME = "$(TARGET_NAME)";
				TEST_HOST = "$(BUILT_PRODUCTS_DIR)/InstaTimeMachine.app/InstaTimeMachine";
			};
			name = Release;
		};
/* End XCBuildConfiguration section */

/* Begin XCConfigurationList section */
		66376CAE1CEACBF5005848E9 /* Build configuration list for PBXProject "InstaTimeMachine" */ = {
			isa = XCConfigurationList;
			buildConfigurations = (
				66376CD31CEACBF6005848E9 /* Debug */,
				66376CD41CEACBF6005848E9 /* Release */,
			);
			defaultConfigurationIsVisible = 0;
			defaultConfigurationName = Release;
		};
		66376CD51CEACBF6005848E9 /* Build configuration list for PBXNativeTarget "InstaTimeMachine" */ = {
			isa = XCConfigurationList;
			buildConfigurations = (
				66376CD61CEACBF6005848E9 /* Debug */,
				66376CD71CEACBF6005848E9 /* Release */,
			);
			defaultConfigurationIsVisible = 0;
		};
		66376CD81CEACBF6005848E9 /* Build configuration list for PBXNativeTarget "InstaTimeMachineTests" */ = {
			isa = XCConfigurationList;
			buildConfigurations = (
				66376CD91CEACBF6005848E9 /* Debug */,
				66376CDA1CEACBF6005848E9 /* Release */,
			);
			defaultConfigurationIsVisible = 0;
		};
/* End XCConfigurationList section */

/* Begin XCVersionGroup section */
		66376CBA1CEACBF5005848E9 /* InstaTimeMachine.xcdatamodeld */ = {
			isa = XCVersionGroup;
			children = (
				66376CBB1CEACBF5005848E9 /* InstaTimeMachine.xcdatamodel */,
			);
			currentVersion = 66376CBB1CEACBF5005848E9 /* InstaTimeMachine.xcdatamodel */;
			path = InstaTimeMachine.xcdatamodeld;
			sourceTree = "<group>";
			versionGroupType = wrapper.xcdatamodel;
		};
/* End XCVersionGroup section */
	};
	rootObject = 66376CAB1CEACBF5005848E9 /* Project object */;
}
